// !$*UTF8*$!
{
	archiveVersion = 1;
	classes = {
	};
	objectVersion = 46;
	objects = {

/* Begin PBXBuildFile section */
		CD068C67186B6C700043A598 /* Sparkle.framework in CopyFiles */ = {isa = PBXBuildFile; fileRef = CD275895186B6C4F00619CC0 /* Sparkle.framework */; };
		CD0EE46A1868ACA200409D00 /* PBLHotCornersAction.m in Sources */ = {isa = PBXBuildFile; fileRef = CD0EE4691868ACA200409D00 /* PBLHotCornersAction.m */; };
		CD0EE46D1868AFE400409D00 /* PBLAction.m in Sources */ = {isa = PBXBuildFile; fileRef = CD0EE46C1868AFE400409D00 /* PBLAction.m */; };
		CD0EE4701868B26900409D00 /* PBLScrollingAction.m in Sources */ = {isa = PBXBuildFile; fileRef = CD0EE46F1868B26900409D00 /* PBLScrollingAction.m */; };
		CD0EE4731868B39400409D00 /* PBLNotificationsAction.m in Sources */ = {isa = PBXBuildFile; fileRef = CD0EE4721868B39400409D00 /* PBLNotificationsAction.m */; };
		CD10787A18B07AFA009E11E7 /* PFMoveApplication.m in Sources */ = {isa = PBXBuildFile; fileRef = CD10787918B07AFA009E11E7 /* PFMoveApplication.m */; settings = {COMPILER_FLAGS = "-fno-objc-arc"; }; };
		CD10787D18B07C06009E11E7 /* Security.framework in Frameworks */ = {isa = PBXBuildFile; fileRef = CD10787C18B07C05009E11E7 /* Security.framework */; };
		CD13B082186A4E9100AF0EDA /* Localizable.strings in Resources */ = {isa = PBXBuildFile; fileRef = CD13B084186A4E9100AF0EDA /* Localizable.strings */; };
		CD275896186B6C4F00619CC0 /* Sparkle.framework in Frameworks */ = {isa = PBXBuildFile; fileRef = CD275895186B6C4F00619CC0 /* Sparkle.framework */; };
		CD2CA4301874B23700C554AC /* BWQuincyMain.nib in Resources */ = {isa = PBXBuildFile; fileRef = CD2CA4321874B23700C554AC /* BWQuincyMain.nib */; };
		CD6D9752184A9DB50078A9AB /* Cocoa.framework in Frameworks */ = {isa = PBXBuildFile; fileRef = CD6D9751184A9DB50078A9AB /* Cocoa.framework */; };
		CD6D975C184A9DB50078A9AB /* InfoPlist.strings in Resources */ = {isa = PBXBuildFile; fileRef = CD6D975A184A9DB50078A9AB /* InfoPlist.strings */; };
		CD6D975E184A9DB50078A9AB /* main.m in Sources */ = {isa = PBXBuildFile; fileRef = CD6D975D184A9DB50078A9AB /* main.m */; };
		CD6D9762184A9DB50078A9AB /* Credits.rtf in Resources */ = {isa = PBXBuildFile; fileRef = CD6D9760184A9DB50078A9AB /* Credits.rtf */; };
		CD6D9765184A9DB50078A9AB /* PBLAppDelegate.m in Sources */ = {isa = PBXBuildFile; fileRef = CD6D9764184A9DB50078A9AB /* PBLAppDelegate.m */; };
		CD6D9768184A9DB50078A9AB /* MainMenu.xib in Resources */ = {isa = PBXBuildFile; fileRef = CD6D9766184A9DB50078A9AB /* MainMenu.xib */; };
		CD6D976A184A9DB50078A9AB /* Images.xcassets in Resources */ = {isa = PBXBuildFile; fileRef = CD6D9769184A9DB50078A9AB /* Images.xcassets */; };
		CD6D9771184A9DB50078A9AB /* XCTest.framework in Frameworks */ = {isa = PBXBuildFile; fileRef = CD6D9770184A9DB50078A9AB /* XCTest.framework */; };
		CD6D9772184A9DB50078A9AB /* Cocoa.framework in Frameworks */ = {isa = PBXBuildFile; fileRef = CD6D9751184A9DB50078A9AB /* Cocoa.framework */; };
		CD6D977A184A9DB50078A9AB /* InfoPlist.strings in Resources */ = {isa = PBXBuildFile; fileRef = CD6D9778184A9DB50078A9AB /* InfoPlist.strings */; };
		CD6D977C184A9DB50078A9AB /* PassableAppTests.m in Sources */ = {isa = PBXBuildFile; fileRef = CD6D977B184A9DB50078A9AB /* PassableAppTests.m */; };
		CD6D9787184AA39E0078A9AB /* PBLStatusItemView.m in Sources */ = {isa = PBXBuildFile; fileRef = CD6D9786184AA39E0078A9AB /* PBLStatusItemView.m */; };
		CD8CC8EF184BBC97005BDEF6 /* DefaultPreferenceValues.plist in Resources */ = {isa = PBXBuildFile; fileRef = CD8CC8EE184BBC97005BDEF6 /* DefaultPreferenceValues.plist */; };
		CDA6087D186C97EC00E0AE3D /* BWQuincyManager.m in Sources */ = {isa = PBXBuildFile; fileRef = CDA60879186C97EC00E0AE3D /* BWQuincyManager.m */; settings = {COMPILER_FLAGS = "-fno-objc-arc -w"; }; };
		CDA6087E186C97EC00E0AE3D /* BWQuincyUI.m in Sources */ = {isa = PBXBuildFile; fileRef = CDA6087B186C97EC00E0AE3D /* BWQuincyUI.m */; settings = {COMPILER_FLAGS = "-fno-objc-arc -w"; }; };
		CDFB368718B11B9900B9C8BC /* CoreServices.framework in Frameworks */ = {isa = PBXBuildFile; fileRef = CDFB368618B11B9900B9C8BC /* CoreServices.framework */; };
/* End PBXBuildFile section */

/* Begin PBXContainerItemProxy section */
		CD6D9773184A9DB50078A9AB /* PBXContainerItemProxy */ = {
			isa = PBXContainerItemProxy;
			containerPortal = CD6D9746184A9DB50078A9AB /* Project object */;
			proxyType = 1;
			remoteGlobalIDString = CD6D974D184A9DB50078A9AB;
			remoteInfo = "Menu Bar App";
		};
/* End PBXContainerItemProxy section */

/* Begin PBXCopyFilesBuildPhase section */
		CD13B096186B589F00AF0EDA /* CopyFiles */ = {
			isa = PBXCopyFilesBuildPhase;
			buildActionMask = 2147483647;
			dstPath = "";
			dstSubfolderSpec = 10;
			files = (
				CD068C67186B6C700043A598 /* Sparkle.framework in CopyFiles */,
			);
			runOnlyForDeploymentPostprocessing = 0;
		};
/* End PBXCopyFilesBuildPhase section */

/* Begin PBXFileReference section */
		CD003A27186A48F300678EE1 /* es */ = {isa = PBXFileReference; lastKnownFileType = text.plist.strings; name = es; path = es.lproj/InfoPlist.strings; sourceTree = "<group>"; };
		CD003A28186A48F300678EE1 /* es */ = {isa = PBXFileReference; lastKnownFileType = text.rtf; name = es; path = es.lproj/Credits.rtf; sourceTree = "<group>"; };
		CD003A29186A48F300678EE1 /* es */ = {isa = PBXFileReference; lastKnownFileType = text.plist.strings; name = es; path = es.lproj/InfoPlist.strings; sourceTree = "<group>"; };
		CD0EE4681868ACA200409D00 /* PBLHotCornersAction.h */ = {isa = PBXFileReference; fileEncoding = 4; lastKnownFileType = sourcecode.c.h; lineEnding = 0; path = PBLHotCornersAction.h; sourceTree = "<group>"; xcLanguageSpecificationIdentifier = xcode.lang.objcpp; };
		CD0EE4691868ACA200409D00 /* PBLHotCornersAction.m */ = {isa = PBXFileReference; fileEncoding = 4; lastKnownFileType = sourcecode.c.objc; lineEnding = 0; path = PBLHotCornersAction.m; sourceTree = "<group>"; xcLanguageSpecificationIdentifier = xcode.lang.objc; };
		CD0EE46B1868AFE400409D00 /* PBLAction.h */ = {isa = PBXFileReference; fileEncoding = 4; lastKnownFileType = sourcecode.c.h; lineEnding = 0; path = PBLAction.h; sourceTree = "<group>"; xcLanguageSpecificationIdentifier = xcode.lang.objcpp; };
		CD0EE46C1868AFE400409D00 /* PBLAction.m */ = {isa = PBXFileReference; fileEncoding = 4; lastKnownFileType = sourcecode.c.objc; lineEnding = 0; path = PBLAction.m; sourceTree = "<group>"; xcLanguageSpecificationIdentifier = xcode.lang.objc; };
		CD0EE46E1868B26900409D00 /* PBLScrollingAction.h */ = {isa = PBXFileReference; fileEncoding = 4; lastKnownFileType = sourcecode.c.h; lineEnding = 0; path = PBLScrollingAction.h; sourceTree = "<group>"; xcLanguageSpecificationIdentifier = xcode.lang.objcpp; };
		CD0EE46F1868B26900409D00 /* PBLScrollingAction.m */ = {isa = PBXFileReference; fileEncoding = 4; lastKnownFileType = sourcecode.c.objc; lineEnding = 0; path = PBLScrollingAction.m; sourceTree = "<group>"; xcLanguageSpecificationIdentifier = xcode.lang.objc; };
		CD0EE4711868B39400409D00 /* PBLNotificationsAction.h */ = {isa = PBXFileReference; fileEncoding = 4; lastKnownFileType = sourcecode.c.h; lineEnding = 0; path = PBLNotificationsAction.h; sourceTree = "<group>"; xcLanguageSpecificationIdentifier = xcode.lang.objcpp; };
		CD0EE4721868B39400409D00 /* PBLNotificationsAction.m */ = {isa = PBXFileReference; fileEncoding = 4; lastKnownFileType = sourcecode.c.objc; lineEnding = 0; path = PBLNotificationsAction.m; sourceTree = "<group>"; xcLanguageSpecificationIdentifier = xcode.lang.objc; };
		CD10787818B07AFA009E11E7 /* PFMoveApplication.h */ = {isa = PBXFileReference; fileEncoding = 4; lastKnownFileType = sourcecode.c.h; path = PFMoveApplication.h; sourceTree = "<group>"; };
		CD10787918B07AFA009E11E7 /* PFMoveApplication.m */ = {isa = PBXFileReference; fileEncoding = 4; lastKnownFileType = sourcecode.c.objc; path = PFMoveApplication.m; sourceTree = "<group>"; };
		CD10787C18B07C05009E11E7 /* Security.framework */ = {isa = PBXFileReference; lastKnownFileType = wrapper.framework; name = Security.framework; path = System/Library/Frameworks/Security.framework; sourceTree = SDKROOT; };
		CD10788118B07D5B009E11E7 /* Base */ = {isa = PBXFileReference; fileEncoding = 4; lastKnownFileType = text.plist.strings; name = Base; path = Base.lproj/MoveApplication.strings; sourceTree = "<group>"; };
		CD10788418B07D94009E11E7 /* es */ = {isa = PBXFileReference; fileEncoding = 4; lastKnownFileType = text.plist.strings; name = es; path = es.lproj/MoveApplication.strings; sourceTree = "<group>"; };
		CD10788618B07F37009E11E7 /* en */ = {isa = PBXFileReference; lastKnownFileType = text.plist.strings; name = en; path = en.lproj/MainMenu.strings; sourceTree = "<group>"; };
		CD10788818B07F99009E11E7 /* es */ = {isa = PBXFileReference; lastKnownFileType = text.plist.strings; name = es; path = es.lproj/MainMenu.strings; sourceTree = "<group>"; };
		CD13B086186A4E9800AF0EDA /* es */ = {isa = PBXFileReference; fileEncoding = 4; lastKnownFileType = text.plist.strings; name = es; path = es.lproj/Localizable.strings; sourceTree = "<group>"; };
		CD13B087186A4E9E00AF0EDA /* en */ = {isa = PBXFileReference; fileEncoding = 4; lastKnownFileType = text.plist.strings; name = en; path = en.lproj/Localizable.strings; sourceTree = "<group>"; };
		CD13B08C186A541D00AF0EDA /* en */ = {isa = PBXFileReference; lastKnownFileType = text.plist.strings; name = en; path = en.lproj/InfoPlist.strings; sourceTree = "<group>"; };
		CD275895186B6C4F00619CC0 /* Sparkle.framework */ = {isa = PBXFileReference; lastKnownFileType = wrapper.framework; path = Sparkle.framework; sourceTree = "<group>"; };
		CD5D22631874D731000B28AF /* en */ = {isa = PBXFileReference; lastKnownFileType = wrapper.nib; name = en; path = en.lproj/BWQuincyMain.nib; sourceTree = "<group>"; };
		CD5D22641874D734000B28AF /* es */ = {isa = PBXFileReference; lastKnownFileType = wrapper.nib; name = es; path = es.lproj/BWQuincyMain.nib; sourceTree = "<group>"; };
		CD6C5A6D1874D60D00D81199 /* Base */ = {isa = PBXFileReference; lastKnownFileType = wrapper.nib; name = Base; path = Base.lproj/BWQuincyMain.nib; sourceTree = "<group>"; };
		CD6D974E184A9DB50078A9AB /* Passable.app */ = {isa = PBXFileReference; explicitFileType = wrapper.application; includeInIndex = 0; path = Passable.app; sourceTree = BUILT_PRODUCTS_DIR; };
		CD6D9751184A9DB50078A9AB /* Cocoa.framework */ = {isa = PBXFileReference; lastKnownFileType = wrapper.framework; name = Cocoa.framework; path = System/Library/Frameworks/Cocoa.framework; sourceTree = SDKROOT; };
		CD6D9754184A9DB50078A9AB /* AppKit.framework */ = {isa = PBXFileReference; lastKnownFileType = wrapper.framework; name = AppKit.framework; path = System/Library/Frameworks/AppKit.framework; sourceTree = SDKROOT; };
		CD6D9755184A9DB50078A9AB /* CoreData.framework */ = {isa = PBXFileReference; lastKnownFileType = wrapper.framework; name = CoreData.framework; path = System/Library/Frameworks/CoreData.framework; sourceTree = SDKROOT; };
		CD6D9756184A9DB50078A9AB /* Foundation.framework */ = {isa = PBXFileReference; lastKnownFileType = wrapper.framework; name = Foundation.framework; path = System/Library/Frameworks/Foundation.framework; sourceTree = SDKROOT; };
		CD6D9759184A9DB50078A9AB /* Passable-Info.plist */ = {isa = PBXFileReference; lastKnownFileType = text.plist.xml; path = "Passable-Info.plist"; sourceTree = "<group>"; };
		CD6D975D184A9DB50078A9AB /* main.m */ = {isa = PBXFileReference; lastKnownFileType = sourcecode.c.objc; lineEnding = 0; path = main.m; sourceTree = "<group>"; xcLanguageSpecificationIdentifier = xcode.lang.objc; };
		CD6D975F184A9DB50078A9AB /* Passable-Prefix.pch */ = {isa = PBXFileReference; lastKnownFileType = sourcecode.c.h; path = "Passable-Prefix.pch"; sourceTree = "<group>"; };
		CD6D9761184A9DB50078A9AB /* en */ = {isa = PBXFileReference; lastKnownFileType = text.rtf; name = en; path = en.lproj/Credits.rtf; sourceTree = "<group>"; };
		CD6D9763184A9DB50078A9AB /* PBLAppDelegate.h */ = {isa = PBXFileReference; lastKnownFileType = sourcecode.c.h; lineEnding = 0; path = PBLAppDelegate.h; sourceTree = "<group>"; xcLanguageSpecificationIdentifier = xcode.lang.objcpp; };
		CD6D9764184A9DB50078A9AB /* PBLAppDelegate.m */ = {isa = PBXFileReference; lastKnownFileType = sourcecode.c.objc; lineEnding = 0; path = PBLAppDelegate.m; sourceTree = "<group>"; xcLanguageSpecificationIdentifier = xcode.lang.objc; };
		CD6D9767184A9DB50078A9AB /* Base */ = {isa = PBXFileReference; lastKnownFileType = file.xib; name = Base; path = Base.lproj/MainMenu.xib; sourceTree = "<group>"; };
		CD6D9769184A9DB50078A9AB /* Images.xcassets */ = {isa = PBXFileReference; lastKnownFileType = folder.assetcatalog; path = Images.xcassets; sourceTree = "<group>"; };
		CD6D976F184A9DB50078A9AB /* PassableTests.xctest */ = {isa = PBXFileReference; explicitFileType = wrapper.cfbundle; includeInIndex = 0; path = PassableTests.xctest; sourceTree = BUILT_PRODUCTS_DIR; };
		CD6D9770184A9DB50078A9AB /* XCTest.framework */ = {isa = PBXFileReference; lastKnownFileType = wrapper.framework; name = XCTest.framework; path = Library/Frameworks/XCTest.framework; sourceTree = DEVELOPER_DIR; };
		CD6D9777184A9DB50078A9AB /* PassableTests-Info.plist */ = {isa = PBXFileReference; lastKnownFileType = text.plist.xml; path = "PassableTests-Info.plist"; sourceTree = "<group>"; };
		CD6D9779184A9DB50078A9AB /* en */ = {isa = PBXFileReference; lastKnownFileType = text.plist.strings; name = en; path = en.lproj/InfoPlist.strings; sourceTree = "<group>"; };
		CD6D977B184A9DB50078A9AB /* PassableAppTests.m */ = {isa = PBXFileReference; lastKnownFileType = sourcecode.c.objc; lineEnding = 0; path = PassableAppTests.m; sourceTree = "<group>"; xcLanguageSpecificationIdentifier = xcode.lang.objc; };
		CD6D9785184AA39E0078A9AB /* PBLStatusItemView.h */ = {isa = PBXFileReference; fileEncoding = 4; lastKnownFileType = sourcecode.c.h; lineEnding = 0; path = PBLStatusItemView.h; sourceTree = "<group>"; xcLanguageSpecificationIdentifier = xcode.lang.objcpp; };
		CD6D9786184AA39E0078A9AB /* PBLStatusItemView.m */ = {isa = PBXFileReference; fileEncoding = 4; lastKnownFileType = sourcecode.c.objc; lineEnding = 0; path = PBLStatusItemView.m; sourceTree = "<group>"; xcLanguageSpecificationIdentifier = xcode.lang.objc; };
		CD8CC8EE184BBC97005BDEF6 /* DefaultPreferenceValues.plist */ = {isa = PBXFileReference; fileEncoding = 4; lastKnownFileType = text.plist.xml; path = DefaultPreferenceValues.plist; sourceTree = "<group>"; };
		CD8CC8F4184BC3C4005BDEF6 /* PBLConstants.h */ = {isa = PBXFileReference; fileEncoding = 4; lastKnownFileType = sourcecode.c.h; lineEnding = 0; path = PBLConstants.h; sourceTree = "<group>"; xcLanguageSpecificationIdentifier = xcode.lang.objcpp; };
		CDA60878186C97EC00E0AE3D /* BWQuincyManager.h */ = {isa = PBXFileReference; fileEncoding = 4; lastKnownFileType = sourcecode.c.h; path = BWQuincyManager.h; sourceTree = "<group>"; };
		CDA60879186C97EC00E0AE3D /* BWQuincyManager.m */ = {isa = PBXFileReference; fileEncoding = 4; lastKnownFileType = sourcecode.c.objc; path = BWQuincyManager.m; sourceTree = "<group>"; };
		CDA6087A186C97EC00E0AE3D /* BWQuincyUI.h */ = {isa = PBXFileReference; fileEncoding = 4; lastKnownFileType = sourcecode.c.h; path = BWQuincyUI.h; sourceTree = "<group>"; };
		CDA6087B186C97EC00E0AE3D /* BWQuincyUI.m */ = {isa = PBXFileReference; fileEncoding = 4; lastKnownFileType = sourcecode.c.objc; path = BWQuincyUI.m; sourceTree = "<group>"; };
		CDFB368418B11A5100B9C8BC /* ApplicationServices.framework */ = {isa = PBXFileReference; lastKnownFileType = wrapper.framework; name = ApplicationServices.framework; path = System/Library/Frameworks/ApplicationServices.framework; sourceTree = SDKROOT; };
		CDFB368618B11B9900B9C8BC /* CoreServices.framework */ = {isa = PBXFileReference; lastKnownFileType = wrapper.framework; name = CoreServices.framework; path = System/Library/Frameworks/CoreServices.framework; sourceTree = SDKROOT; };
/* End PBXFileReference section */

/* Begin PBXFrameworksBuildPhase section */
		CD6D974B184A9DB50078A9AB /* Frameworks */ = {
			isa = PBXFrameworksBuildPhase;
			buildActionMask = 2147483647;
			files = (
				CDFB368718B11B9900B9C8BC /* CoreServices.framework in Frameworks */,
				CD10787D18B07C06009E11E7 /* Security.framework in Frameworks */,
				CD6D9752184A9DB50078A9AB /* Cocoa.framework in Frameworks */,
				CD275896186B6C4F00619CC0 /* Sparkle.framework in Frameworks */,
			);
			runOnlyForDeploymentPostprocessing = 0;
		};
		CD6D976C184A9DB50078A9AB /* Frameworks */ = {
			isa = PBXFrameworksBuildPhase;
			buildActionMask = 2147483647;
			files = (
				CD6D9772184A9DB50078A9AB /* Cocoa.framework in Frameworks */,
				CD6D9771184A9DB50078A9AB /* XCTest.framework in Frameworks */,
			);
			runOnlyForDeploymentPostprocessing = 0;
		};
/* End PBXFrameworksBuildPhase section */

/* Begin PBXGroup section */
		CD0EE4671868AC8600409D00 /* Actions */ = {
			isa = PBXGroup;
			children = (
				CD0EE46B1868AFE400409D00 /* PBLAction.h */,
				CD0EE46C1868AFE400409D00 /* PBLAction.m */,
				CD0EE4681868ACA200409D00 /* PBLHotCornersAction.h */,
				CD0EE4691868ACA200409D00 /* PBLHotCornersAction.m */,
				CD0EE46E1868B26900409D00 /* PBLScrollingAction.h */,
				CD0EE46F1868B26900409D00 /* PBLScrollingAction.m */,
				CD0EE4711868B39400409D00 /* PBLNotificationsAction.h */,
				CD0EE4721868B39400409D00 /* PBLNotificationsAction.m */,
			);
			name = Actions;
			sourceTree = "<group>";
		};
		CD10787B18B07AFE009E11E7 /* LetsMove */ = {
			isa = PBXGroup;
			children = (
				CD10787818B07AFA009E11E7 /* PFMoveApplication.h */,
				CD10787918B07AFA009E11E7 /* PFMoveApplication.m */,
				CD10788218B07D5B009E11E7 /* MoveApplication.strings */,
			);
			name = LetsMove;
			sourceTree = "<group>";
		};
		CD6D9745184A9DB50078A9AB = {
			isa = PBXGroup;
			children = (
				CD6D9757184A9DB50078A9AB /* Passable */,
				CD6D9775184A9DB50078A9AB /* Passable Tests */,
				CD6D9750184A9DB50078A9AB /* Frameworks */,
				CD6D974F184A9DB50078A9AB /* Products */,
			);
			sourceTree = "<group>";
		};
		CD6D974F184A9DB50078A9AB /* Products */ = {
			isa = PBXGroup;
			children = (
				CD6D974E184A9DB50078A9AB /* Passable.app */,
				CD6D976F184A9DB50078A9AB /* PassableTests.xctest */,
			);
			name = Products;
			sourceTree = "<group>";
		};
		CD6D9750184A9DB50078A9AB /* Frameworks */ = {
			isa = PBXGroup;
			children = (
				CDFB368618B11B9900B9C8BC /* CoreServices.framework */,
				CD10787B18B07AFE009E11E7 /* LetsMove */,
				CDA60876186C97EC00E0AE3D /* QuincyKit */,
				CD275895186B6C4F00619CC0 /* Sparkle.framework */,
				CD10787C18B07C05009E11E7 /* Security.framework */,
				CDFB368418B11A5100B9C8BC /* ApplicationServices.framework */,
				CD6D9751184A9DB50078A9AB /* Cocoa.framework */,
				CD6D9770184A9DB50078A9AB /* XCTest.framework */,
				CD6D9753184A9DB50078A9AB /* Other Frameworks */,
			);
			name = Frameworks;
			sourceTree = "<group>";
		};
		CD6D9753184A9DB50078A9AB /* Other Frameworks */ = {
			isa = PBXGroup;
			children = (
				CD6D9754184A9DB50078A9AB /* AppKit.framework */,
				CD6D9755184A9DB50078A9AB /* CoreData.framework */,
				CD6D9756184A9DB50078A9AB /* Foundation.framework */,
			);
			name = "Other Frameworks";
			sourceTree = "<group>";
		};
		CD6D9757184A9DB50078A9AB /* Passable */ = {
			isa = PBXGroup;
			children = (
				CD8CC8F4184BC3C4005BDEF6 /* PBLConstants.h */,
				CD6D9763184A9DB50078A9AB /* PBLAppDelegate.h */,
				CD6D9764184A9DB50078A9AB /* PBLAppDelegate.m */,
				CD0EE4671868AC8600409D00 /* Actions */,
				CD6D9785184AA39E0078A9AB /* PBLStatusItemView.h */,
				CD6D9786184AA39E0078A9AB /* PBLStatusItemView.m */,
				CD6D9766184A9DB50078A9AB /* MainMenu.xib */,
				CD6D9769184A9DB50078A9AB /* Images.xcassets */,
				CD6D9758184A9DB50078A9AB /* Supporting Files */,
			);
			path = Passable;
			sourceTree = "<group>";
		};
		CD6D9758184A9DB50078A9AB /* Supporting Files */ = {
			isa = PBXGroup;
			children = (
				CD8CC8EE184BBC97005BDEF6 /* DefaultPreferenceValues.plist */,
				CD13B084186A4E9100AF0EDA /* Localizable.strings */,
				CD6D9759184A9DB50078A9AB /* Passable-Info.plist */,
				CD6D975A184A9DB50078A9AB /* InfoPlist.strings */,
				CD6D975D184A9DB50078A9AB /* main.m */,
				CD6D975F184A9DB50078A9AB /* Passable-Prefix.pch */,
				CD6D9760184A9DB50078A9AB /* Credits.rtf */,
			);
			name = "Supporting Files";
			sourceTree = "<group>";
		};
		CD6D9775184A9DB50078A9AB /* Passable Tests */ = {
			isa = PBXGroup;
			children = (
				CD6D977B184A9DB50078A9AB /* PassableAppTests.m */,
				CD6D9776184A9DB50078A9AB /* Supporting Files */,
			);
			name = "Passable Tests";
			path = PassableTestts;
			sourceTree = "<group>";
		};
		CD6D9776184A9DB50078A9AB /* Supporting Files */ = {
			isa = PBXGroup;
			children = (
				CD6D9777184A9DB50078A9AB /* PassableTests-Info.plist */,
				CD6D9778184A9DB50078A9AB /* InfoPlist.strings */,
			);
			name = "Supporting Files";
			sourceTree = "<group>";
		};
		CDA60876186C97EC00E0AE3D /* QuincyKit */ = {
			isa = PBXGroup;
			children = (
				CD2CA4321874B23700C554AC /* BWQuincyMain.nib */,
				CDA60878186C97EC00E0AE3D /* BWQuincyManager.h */,
				CDA60879186C97EC00E0AE3D /* BWQuincyManager.m */,
				CDA6087A186C97EC00E0AE3D /* BWQuincyUI.h */,
				CDA6087B186C97EC00E0AE3D /* BWQuincyUI.m */,
			);
			path = QuincyKit;
			sourceTree = "<group>";
		};
/* End PBXGroup section */

/* Begin PBXNativeTarget section */
		CD6D974D184A9DB50078A9AB /* Passable */ = {
			isa = PBXNativeTarget;
			buildConfigurationList = CD6D977F184A9DB50078A9AB /* Build configuration list for PBXNativeTarget "Passable" */;
			buildPhases = (
				CD6D974A184A9DB50078A9AB /* Sources */,
				CD6D974B184A9DB50078A9AB /* Frameworks */,
				CD6D974C184A9DB50078A9AB /* Resources */,
				CD13B096186B589F00AF0EDA /* CopyFiles */,
			);
			buildRules = (
			);
			dependencies = (
			);
			name = Passable;
			productName = "Menu Bar App";
			productReference = CD6D974E184A9DB50078A9AB /* Passable.app */;
			productType = "com.apple.product-type.application";
		};
		CD6D976E184A9DB50078A9AB /* PassableTests */ = {
			isa = PBXNativeTarget;
			buildConfigurationList = CD6D9782184A9DB50078A9AB /* Build configuration list for PBXNativeTarget "PassableTests" */;
			buildPhases = (
				CD6D976B184A9DB50078A9AB /* Sources */,
				CD6D976C184A9DB50078A9AB /* Frameworks */,
				CD6D976D184A9DB50078A9AB /* Resources */,
			);
			buildRules = (
			);
			dependencies = (
				CD6D9774184A9DB50078A9AB /* PBXTargetDependency */,
			);
			name = PassableTests;
			productName = "Menu Bar AppTests";
			productReference = CD6D976F184A9DB50078A9AB /* PassableTests.xctest */;
			productType = "com.apple.product-type.bundle.unit-test";
		};
/* End PBXNativeTarget section */

/* Begin PBXProject section */
		CD6D9746184A9DB50078A9AB /* Project object */ = {
			isa = PBXProject;
			attributes = {
				CLASSPREFIX = PBL;
				LastUpgradeCheck = 0500;
				ORGANIZATIONNAME = "Nathan Greenstein";
				TargetAttributes = {
					CD6D974D184A9DB50078A9AB = {
						DevelopmentTeam = AZAN3L8ZF3;
						SystemCapabilities = {
							com.apple.Sandbox = {
								enabled = 0;
							};
						};
					};
					CD6D976E184A9DB50078A9AB = {
						TestTargetID = CD6D974D184A9DB50078A9AB;
					};
				};
			};
			buildConfigurationList = CD6D9749184A9DB50078A9AB /* Build configuration list for PBXProject "Passable" */;
			compatibilityVersion = "Xcode 3.2";
			developmentRegion = English;
			hasScannedForEncodings = 0;
			knownRegions = (
				en,
				Base,
				es,
			);
			mainGroup = CD6D9745184A9DB50078A9AB;
			productRefGroup = CD6D974F184A9DB50078A9AB /* Products */;
			projectDirPath = "";
			projectRoot = "";
			targets = (
				CD6D974D184A9DB50078A9AB /* Passable */,
				CD6D976E184A9DB50078A9AB /* PassableTests */,
			);
		};
/* End PBXProject section */

/* Begin PBXResourcesBuildPhase section */
		CD6D974C184A9DB50078A9AB /* Resources */ = {
			isa = PBXResourcesBuildPhase;
			buildActionMask = 2147483647;
			files = (
				CD6D975C184A9DB50078A9AB /* InfoPlist.strings in Resources */,
				CD13B082186A4E9100AF0EDA /* Localizable.strings in Resources */,
				CD2CA4301874B23700C554AC /* BWQuincyMain.nib in Resources */,
				CD6D976A184A9DB50078A9AB /* Images.xcassets in Resources */,
				CD8CC8EF184BBC97005BDEF6 /* DefaultPreferenceValues.plist in Resources */,
				CD6D9762184A9DB50078A9AB /* Credits.rtf in Resources */,
				CD6D9768184A9DB50078A9AB /* MainMenu.xib in Resources */,
			);
			runOnlyForDeploymentPostprocessing = 0;
		};
		CD6D976D184A9DB50078A9AB /* Resources */ = {
			isa = PBXResourcesBuildPhase;
			buildActionMask = 2147483647;
			files = (
				CD6D977A184A9DB50078A9AB /* InfoPlist.strings in Resources */,
			);
			runOnlyForDeploymentPostprocessing = 0;
		};
/* End PBXResourcesBuildPhase section */

/* Begin PBXSourcesBuildPhase section */
		CD6D974A184A9DB50078A9AB /* Sources */ = {
			isa = PBXSourcesBuildPhase;
			buildActionMask = 2147483647;
			files = (
				CD6D975E184A9DB50078A9AB /* main.m in Sources */,
				CDA6087D186C97EC00E0AE3D /* BWQuincyManager.m in Sources */,
				CD0EE46A1868ACA200409D00 /* PBLHotCornersAction.m in Sources */,
				CD6D9765184A9DB50078A9AB /* PBLAppDelegate.m in Sources */,
				CDA6087E186C97EC00E0AE3D /* BWQuincyUI.m in Sources */,
				CD0EE46D1868AFE400409D00 /* PBLAction.m in Sources */,
				CD0EE4701868B26900409D00 /* PBLScrollingAction.m in Sources */,
				CD10787A18B07AFA009E11E7 /* PFMoveApplication.m in Sources */,
				CD6D9787184AA39E0078A9AB /* PBLStatusItemView.m in Sources */,
				CD0EE4731868B39400409D00 /* PBLNotificationsAction.m in Sources */,
			);
			runOnlyForDeploymentPostprocessing = 0;
		};
		CD6D976B184A9DB50078A9AB /* Sources */ = {
			isa = PBXSourcesBuildPhase;
			buildActionMask = 2147483647;
			files = (
				CD6D977C184A9DB50078A9AB /* PassableAppTests.m in Sources */,
			);
			runOnlyForDeploymentPostprocessing = 0;
		};
/* End PBXSourcesBuildPhase section */

/* Begin PBXTargetDependency section */
		CD6D9774184A9DB50078A9AB /* PBXTargetDependency */ = {
			isa = PBXTargetDependency;
			target = CD6D974D184A9DB50078A9AB /* Passable */;
			targetProxy = CD6D9773184A9DB50078A9AB /* PBXContainerItemProxy */;
		};
/* End PBXTargetDependency section */

/* Begin PBXVariantGroup section */
		CD10788218B07D5B009E11E7 /* MoveApplication.strings */ = {
			isa = PBXVariantGroup;
			children = (
				CD10788118B07D5B009E11E7 /* Base */,
				CD10788418B07D94009E11E7 /* es */,
			);
			name = MoveApplication.strings;
			sourceTree = "<group>";
		};
		CD13B084186A4E9100AF0EDA /* Localizable.strings */ = {
			isa = PBXVariantGroup;
			children = (
				CD13B086186A4E9800AF0EDA /* es */,
				CD13B087186A4E9E00AF0EDA /* en */,
			);
			name = Localizable.strings;
			sourceTree = "<group>";
		};
		CD2CA4321874B23700C554AC /* BWQuincyMain.nib */ = {
			isa = PBXVariantGroup;
			children = (
				CD6C5A6D1874D60D00D81199 /* Base */,
				CD5D22631874D731000B28AF /* en */,
				CD5D22641874D734000B28AF /* es */,
			);
			name = BWQuincyMain.nib;
			sourceTree = "<group>";
		};
		CD6D975A184A9DB50078A9AB /* InfoPlist.strings */ = {
			isa = PBXVariantGroup;
			children = (
				CD003A27186A48F300678EE1 /* es */,
				CD13B08C186A541D00AF0EDA /* en */,
			);
			name = InfoPlist.strings;
			sourceTree = "<group>";
		};
		CD6D9760184A9DB50078A9AB /* Credits.rtf */ = {
			isa = PBXVariantGroup;
			children = (
				CD6D9761184A9DB50078A9AB /* en */,
				CD003A28186A48F300678EE1 /* es */,
			);
			name = Credits.rtf;
			sourceTree = "<group>";
		};
		CD6D9766184A9DB50078A9AB /* MainMenu.xib */ = {
			isa = PBXVariantGroup;
			children = (
				CD6D9767184A9DB50078A9AB /* Base */,
				CD10788618B07F37009E11E7 /* en */,
				CD10788818B07F99009E11E7 /* es */,
			);
			name = MainMenu.xib;
			sourceTree = "<group>";
		};
		CD6D9778184A9DB50078A9AB /* InfoPlist.strings */ = {
			isa = PBXVariantGroup;
			children = (
				CD6D9779184A9DB50078A9AB /* en */,
				CD003A29186A48F300678EE1 /* es */,
			);
			name = InfoPlist.strings;
			sourceTree = "<group>";
		};
/* End PBXVariantGroup section */

/* Begin XCBuildConfiguration section */
		CD6D977D184A9DB50078A9AB /* Debug */ = {
			isa = XCBuildConfiguration;
			buildSettings = {
				ALWAYS_SEARCH_USER_PATHS = NO;
				CLANG_CXX_LANGUAGE_STANDARD = "gnu++0x";
				CLANG_CXX_LIBRARY = "libc++";
				CLANG_ENABLE_OBJC_ARC = YES;
				CLANG_WARN_BOOL_CONVERSION = YES;
				CLANG_WARN_CONSTANT_CONVERSION = YES;
				CLANG_WARN_DIRECT_OBJC_ISA_USAGE = YES_ERROR;
				CLANG_WARN_EMPTY_BODY = YES;
				CLANG_WARN_ENUM_CONVERSION = YES;
				CLANG_WARN_INT_CONVERSION = YES;
				CLANG_WARN_OBJC_ROOT_CLASS = YES_ERROR;
				CLANG_WARN__DUPLICATE_METHOD_MATCH = YES;
				COPY_PHASE_STRIP = NO;
				GCC_C_LANGUAGE_STANDARD = gnu99;
				GCC_DYNAMIC_NO_PIC = NO;
				GCC_ENABLE_OBJC_EXCEPTIONS = YES;
				GCC_OPTIMIZATION_LEVEL = 0;
				GCC_PREPROCESSOR_DEFINITIONS = (
					"DEBUG=1",
					"$(inherited)",
				);
				GCC_SYMBOLS_PRIVATE_EXTERN = NO;
				GCC_WARN_64_TO_32_BIT_CONVERSION = YES;
				GCC_WARN_ABOUT_RETURN_TYPE = YES_ERROR;
				GCC_WARN_UNDECLARED_SELECTOR = YES;
				GCC_WARN_UNINITIALIZED_AUTOS = YES;
				GCC_WARN_UNUSED_FUNCTION = YES;
				GCC_WARN_UNUSED_VARIABLE = YES;
				MACOSX_DEPLOYMENT_TARGET = 10.9;
				ONLY_ACTIVE_ARCH = YES;
				SDKROOT = macosx;
			};
			name = Debug;
		};
		CD6D977E184A9DB50078A9AB /* Release */ = {
			isa = XCBuildConfiguration;
			buildSettings = {
				ALWAYS_SEARCH_USER_PATHS = NO;
				CLANG_CXX_LANGUAGE_STANDARD = "gnu++0x";
				CLANG_CXX_LIBRARY = "libc++";
				CLANG_ENABLE_OBJC_ARC = YES;
				CLANG_WARN_BOOL_CONVERSION = YES;
				CLANG_WARN_CONSTANT_CONVERSION = YES;
				CLANG_WARN_DIRECT_OBJC_ISA_USAGE = YES_ERROR;
				CLANG_WARN_EMPTY_BODY = YES;
				CLANG_WARN_ENUM_CONVERSION = YES;
				CLANG_WARN_INT_CONVERSION = YES;
				CLANG_WARN_OBJC_ROOT_CLASS = YES_ERROR;
				CLANG_WARN__DUPLICATE_METHOD_MATCH = YES;
				COPY_PHASE_STRIP = YES;
				DEBUG_INFORMATION_FORMAT = "dwarf-with-dsym";
				ENABLE_NS_ASSERTIONS = NO;
				GCC_C_LANGUAGE_STANDARD = gnu99;
				GCC_ENABLE_OBJC_EXCEPTIONS = YES;
				GCC_WARN_64_TO_32_BIT_CONVERSION = YES;
				GCC_WARN_ABOUT_RETURN_TYPE = YES_ERROR;
				GCC_WARN_UNDECLARED_SELECTOR = YES;
				GCC_WARN_UNINITIALIZED_AUTOS = YES;
				GCC_WARN_UNUSED_FUNCTION = YES;
				GCC_WARN_UNUSED_VARIABLE = YES;
				MACOSX_DEPLOYMENT_TARGET = 10.9;
				SDKROOT = macosx;
			};
			name = Release;
		};
		CD6D9780184A9DB50078A9AB /* Debug */ = {
			isa = XCBuildConfiguration;
			buildSettings = {
				ASSETCATALOG_COMPILER_APPICON_NAME = AppIcon;
				CODE_SIGN_IDENTITY = "Developer ID Application";
				"CODE_SIGN_IDENTITY[sdk=macosx*]" = "Mac Developer";
				COMBINE_HIDPI_IMAGES = YES;
				FRAMEWORK_SEARCH_PATHS = (
					"$(inherited)",
					"./**",
				);
				GCC_PRECOMPILE_PREFIX_HEADER = YES;
				GCC_PREFIX_HEADER = "Passable/Passable-Prefix.pch";
				INFOPLIST_FILE = "Passable/Passable-Info.plist";
				PRODUCT_NAME = Passable;
				PROVISIONING_PROFILE = "";
				WRAPPER_EXTENSION = app;
			};
			name = Debug;
		};
		CD6D9781184A9DB50078A9AB /* Release */ = {
			isa = XCBuildConfiguration;
			buildSettings = {
				ASSETCATALOG_COMPILER_APPICON_NAME = AppIcon;
				CODE_SIGN_IDENTITY = "Developer ID Application";
				"CODE_SIGN_IDENTITY[sdk=macosx*]" = "Mac Developer";
				COMBINE_HIDPI_IMAGES = YES;
				FRAMEWORK_SEARCH_PATHS = (
					"$(inherited)",
					"./**",
				);
				GCC_PRECOMPILE_PREFIX_HEADER = YES;
				GCC_PREFIX_HEADER = "Passable/Passable-Prefix.pch";
				INFOPLIST_FILE = "Passable/Passable-Info.plist";
				PRODUCT_NAME = Passable;
				PROVISIONING_PROFILE = "";
				WRAPPER_EXTENSION = app;
			};
			name = Release;
		};
		CD6D9783184A9DB50078A9AB /* Debug */ = {
			isa = XCBuildConfiguration;
			buildSettings = {
				BUNDLE_LOADER = "$(BUILT_PRODUCTS_DIR)/Menu Bar App.app/Contents/MacOS/Menu Bar App";
				COMBINE_HIDPI_IMAGES = YES;
				FRAMEWORK_SEARCH_PATHS = (
					"$(DEVELOPER_FRAMEWORKS_DIR)",
					"$(inherited)",
				);
				GCC_PRECOMPILE_PREFIX_HEADER = YES;
				GCC_PREFIX_HEADER = "Menu Bar App/Menu Bar App-Prefix.pch";
				GCC_PREPROCESSOR_DEFINITIONS = (
					"DEBUG=1",
					"$(inherited)",
				);
				INFOPLIST_FILE = "Menu Bar AppTests/PassableTests-Info.plist";
				PRODUCT_NAME = PassableTests;
				TEST_HOST = "$(BUNDLE_LOADER)";
				WRAPPER_EXTENSION = xctest;
			};
			name = Debug;
		};
		CD6D9784184A9DB50078A9AB /* Release */ = {
			isa = XCBuildConfiguration;
			buildSettings = {
				BUNDLE_LOADER = "$(BUILT_PRODUCTS_DIR)/Menu Bar App.app/Contents/MacOS/Menu Bar App";
				COMBINE_HIDPI_IMAGES = YES;
				FRAMEWORK_SEARCH_PATHS = (
					"$(DEVELOPER_FRAMEWORKS_DIR)",
					"$(inherited)",
				);
				GCC_PRECOMPILE_PREFIX_HEADER = YES;
				GCC_PREFIX_HEADER = "Menu Bar App/Menu Bar App-Prefix.pch";
				INFOPLIST_FILE = "Menu Bar AppTests/PassableTests-Info.plist";
				PRODUCT_NAME = PassableTests;
				TEST_HOST = "$(BUNDLE_LOADER)";
				WRAPPER_EXTENSION = xctest;
			};
			name = Release;
		};
/* End XCBuildConfiguration section */

/* Begin XCConfigurationList section */
		CD6D9749184A9DB50078A9AB /* Build configuration list for PBXProject "Passable" */ = {
			isa = XCConfigurationList;
			buildConfigurations = (
				CD6D977D184A9DB50078A9AB /* Debug */,
				CD6D977E184A9DB50078A9AB /* Release */,
			);
			defaultConfigurationIsVisible = 0;
			defaultConfigurationName = Release;
		};
		CD6D977F184A9DB50078A9AB /* Build configuration list for PBXNativeTarget "Passable" */ = {
			isa = XCConfigurationList;
			buildConfigurations = (
				CD6D9780184A9DB50078A9AB /* Debug */,
				CD6D9781184A9DB50078A9AB /* Release */,
			);
			defaultConfigurationIsVisible = 0;
			defaultConfigurationName = Release;
		};
		CD6D9782184A9DB50078A9AB /* Build configuration list for PBXNativeTarget "PassableTests" */ = {
			isa = XCConfigurationList;
			buildConfigurations = (
				CD6D9783184A9DB50078A9AB /* Debug */,
				CD6D9784184A9DB50078A9AB /* Release */,
			);
			defaultConfigurationIsVisible = 0;
			defaultConfigurationName = Release;
		};
/* End XCConfigurationList section */
	};
	rootObject = CD6D9746184A9DB50078A9AB /* Project object */;
}
